github.com/boostlearn/go-cluster-counter v0.0.1 h1:59wJYHJ6XwIWRN5HFvacXWKAmwhT+p23YW7zaLGQOSY=
github.com/boostlearn/go-cluster-counter v0.0.1/go.mod h1:L7Xh2MI9fcjW1qxd6ZVFFRyZwa1X3rPcZpnYm8wK56c=
github.com/boostlearn/go-cluster-counter v0.0.2 h1:JIylnwJgCPEDONwaUk5msM1HXmMpGMb5qCVYoC3fkio=
github.com/boostlearn/go-cluster-counter v0.0.2/go.mod h1:L7Xh2MI9fcjW1qxd6ZVFFRyZwa1X3rPcZpnYm8wK56c=
